PODS:
  - MVDownloader (0.1.0)

DEPENDENCIES:
  - MVDownloader (from `~/Desktop/MVDownloader/MVDownloader/MVDownloader`)

EXTERNAL SOURCES:
  MVDownloader:
    :path: "~/Desktop/MVDownloader/MVDownloader/MVDownloader"

SPEC CHECKSUMS:
  MVDownloader: 54a9eb8464ef8b58686b28b7bb5c1a0dcd208e16

PODFILE CHECKSUM: 599fdff9827149e978a8c7426a9ff56e55956a2a

COCOAPODS: 1.6.1
