PODS:
  - MVDownloader (0.1.1)

DEPENDENCIES:
  - MVDownloader (from `~/Desktop/MVDownloader`)

EXTERNAL SOURCES:
  MVDownloader:
    :path: "~/Desktop/MVDownloader"

SPEC CHECKSUMS:
  MVDownloader: 2c064e190a672319f6cde7d4211c2638c3401293

PODFILE CHECKSUM: ff06e36c8dfc9383b942028195e6a3d63c0c2ac1

COCOAPODS: 1.6.1
