PODS:
  - MVDownloader (0.1.0)

DEPENDENCIES:
  - MVDownloader (from `~/Desktop/MVDownloader`)

EXTERNAL SOURCES:
  MVDownloader:
    :path: "~/Desktop/MVDownloader"

SPEC CHECKSUMS:
  MVDownloader: 4feb90300654316354b294298ed234f0fddc6171

PODFILE CHECKSUM: ff06e36c8dfc9383b942028195e6a3d63c0c2ac1

COCOAPODS: 1.6.1
